
Microsoft Visual Studio Solution File, Format Version 12.00
# Visual Studio Version 17
VisualStudioVersion = 17.8.34330.188
MinimumVisualStudioVersion = 10.0.40219.1
Project("{9A19103F-16F7-4668-BE54-9A1E7A4F7556}") = "CheckService", "CheckService\CheckService.csproj", "{F56798F6-52CF-463A-90D9-948041B725C2}"
EndProject
Global
	GlobalSection(SolutionConfigurationPlatforms) = preSolution
		Debug|Any CPU = Debug|Any CPU
		Release|Any CPU = Release|Any CPU
	EndGlobalSection
	GlobalSection(ProjectConfigurationPlatforms) = postSolution
		{F56798F6-52CF-463A-90D9-948041B725C2}.Debug|Any CPU.ActiveCfg = Debug|Any CPU
		{F56798F6-52CF-463A-90D9-948041B725C2}.Debug|Any CPU.Build.0 = Debug|Any CPU
		{F56798F6-52CF-463A-90D9-948041B725C2}.Release|Any CPU.ActiveCfg = Release|Any CPU
		{F56798F6-52CF-463A-90D9-948041B725C2}.Release|Any CPU.Build.0 = Release|Any CPU
	EndGlobalSection
	GlobalSection(SolutionProperties) = preSolution
		HideSolutionNode = FALSE
	EndGlobalSection
	GlobalSection(ExtensibilityGlobals) = postSolution
		SolutionGuid = {28745014-D20C-4A4F-BA69-71CF6FDA09BB}
	EndGlobalSection
EndGlobal
